
Microsoft Visual Studio Solution File, Format Version 12.00
# Visual Studio Version 17
VisualStudioVersion = 17.9.34902.65
MinimumVisualStudioVersion = 10.0.40219.1
Project("{9A19103F-16F7-4668-BE54-9A1E7A4F7556}") = "Sidio.Sitemap.Blazor", "src\Sidio.Sitemap.Blazor\Sidio.Sitemap.Blazor.csproj", "{3EC7C822-56C4-4366-99DA-A383052184CF}"
EndProject
Project("{2150E333-8FDC-42A3-9474-1A3956D46DE8}") = "Src", "Src", "{EF9E7280-E42F-4A7B-AF09-84409F1FE91A}"
EndProject
Project("{2150E333-8FDC-42A3-9474-1A3956D46DE8}") = "Tests", "Tests", "{D3E36DBC-190C-4A91-9914-928D7B3E49F9}"
EndProject
Project("{2150E333-8FDC-42A3-9474-1A3956D46DE8}") = "Workflows", "Workflows", "{8C908299-1670-4C4B-87EE-A31B1B7E2F1C}"
	ProjectSection(SolutionItems) = preProject
		.github\workflows\build.yml = .github\workflows\build.yml
		.github\workflows\release.yml = .github\workflows\release.yml
		.github\dependabot.yml = .github\dependabot.yml
	EndProjectSection
EndProject
Project("{2150E333-8FDC-42A3-9474-1A3956D46DE8}") = "Examples", "Examples", "{D24E5548-001D-46E1-A486-8FCAA6644819}"
EndProject
Project("{2150E333-8FDC-42A3-9474-1A3956D46DE8}") = "SolutionItems", "SolutionItems", "{99A2F643-137C-4A6C-9C87-C71DDA94D6C2}"
	ProjectSection(SolutionItems) = preProject
		LICENSE = LICENSE
		README.md = README.md
		.gitignore = .gitignore
	EndProjectSection
EndProject
Project("{FAE04EC0-301F-11D3-BF4B-00C04F79EFBC}") = "Sidio.Sitemap.Blazor.Examples.WebApp", "src\Sidio.Sitemap.Blazor.Examples.WebApp\Sidio.Sitemap.Blazor.Examples.WebApp.csproj", "{4FD98D09-DC56-49DB-8C6D-1E5B1BE72378}"
EndProject
Project("{FAE04EC0-301F-11D3-BF4B-00C04F79EFBC}") = "Sidio.Sitemap.Blazor.Tests", "src\Sidio.Sitemap.Blazor.Tests\Sidio.Sitemap.Blazor.Tests.csproj", "{4F514982-175F-4F29-BE4B-70A53232340B}"
EndProject
Global
	GlobalSection(SolutionConfigurationPlatforms) = preSolution
		Debug|Any CPU = Debug|Any CPU
		Release|Any CPU = Release|Any CPU
	EndGlobalSection
	GlobalSection(ProjectConfigurationPlatforms) = postSolution
		{3EC7C822-56C4-4366-99DA-A383052184CF}.Debug|Any CPU.ActiveCfg = Debug|Any CPU
		{3EC7C822-56C4-4366-99DA-A383052184CF}.Debug|Any CPU.Build.0 = Debug|Any CPU
		{3EC7C822-56C4-4366-99DA-A383052184CF}.Release|Any CPU.ActiveCfg = Release|Any CPU
		{3EC7C822-56C4-4366-99DA-A383052184CF}.Release|Any CPU.Build.0 = Release|Any CPU
		{4FD98D09-DC56-49DB-8C6D-1E5B1BE72378}.Debug|Any CPU.ActiveCfg = Debug|Any CPU
		{4FD98D09-DC56-49DB-8C6D-1E5B1BE72378}.Debug|Any CPU.Build.0 = Debug|Any CPU
		{4FD98D09-DC56-49DB-8C6D-1E5B1BE72378}.Release|Any CPU.ActiveCfg = Release|Any CPU
		{4FD98D09-DC56-49DB-8C6D-1E5B1BE72378}.Release|Any CPU.Build.0 = Release|Any CPU
		{4F514982-175F-4F29-BE4B-70A53232340B}.Debug|Any CPU.ActiveCfg = Debug|Any CPU
		{4F514982-175F-4F29-BE4B-70A53232340B}.Debug|Any CPU.Build.0 = Debug|Any CPU
		{4F514982-175F-4F29-BE4B-70A53232340B}.Release|Any CPU.ActiveCfg = Release|Any CPU
		{4F514982-175F-4F29-BE4B-70A53232340B}.Release|Any CPU.Build.0 = Release|Any CPU
	EndGlobalSection
	GlobalSection(SolutionProperties) = preSolution
		HideSolutionNode = FALSE
	EndGlobalSection
	GlobalSection(NestedProjects) = preSolution
		{3EC7C822-56C4-4366-99DA-A383052184CF} = {EF9E7280-E42F-4A7B-AF09-84409F1FE91A}
		{4FD98D09-DC56-49DB-8C6D-1E5B1BE72378} = {D24E5548-001D-46E1-A486-8FCAA6644819}
		{4F514982-175F-4F29-BE4B-70A53232340B} = {D3E36DBC-190C-4A91-9914-928D7B3E49F9}
	EndGlobalSection
	GlobalSection(ExtensibilityGlobals) = postSolution
		SolutionGuid = {61C3A8F4-09FF-4503-8BE3-2DD7C9574992}
	EndGlobalSection
EndGlobal
